{
  "version": 4,
  "terraform_version": "1.12.2",
  "serial": 12,
  "lineage": "63f8d7d0-35be-37cc-24be-d671b75ce70e",
  "outputs": {
    "network_id": {
      "value": "11256161",
      "type": "string"
    },
    "server_details": {
      "value": {
        "rke2-master-1": {
          "id": "104560828",
          "location": "nbg1",
          "private_ip": "10.0.1.10",
          "public_ip": "78.46.205.118"
        },
        "rke2-master-2": {
          "id": "104560827",
          "location": "nbg1",
          "private_ip": "10.0.1.11",
          "public_ip": "49.13.196.113"
        },
        "rke2-master-3": {
          "id": "104560826",
          "location": "nbg1",
          "private_ip": "10.0.1.12",
          "public_ip": "157.90.227.97"
        }
      },
      "type": [
        "object",
        {
          "rke2-master-1": [
            "object",
            {
              "id": "string",
              "location": "string",
              "private_ip": "string",
              "public_ip": "string"
            }
          ],
          "rke2-master-2": [
            "object",
            {
              "id": "string",
              "location": "string",
              "private_ip": "string",
              "public_ip": "string"
            }
          ],
          "rke2-master-3": [
            "object",
            {
              "id": "string",
              "location": "string",
              "private_ip": "string",
              "public_ip": "string"
            }
          ]
        }
      ]
    },
    "ssh_connection_commands": {
      "value": {
        "rke2-master-1": "ssh root@78.46.205.118",
        "rke2-master-2": "ssh root@49.13.196.113",
        "rke2-master-3": "ssh root@157.90.227.97"
      },
      "type": [
        "object",
        {
          "rke2-master-1": "string",
          "rke2-master-2": "string",
          "rke2-master-3": "string"
        }
      ]
    },
    "subnet_id": {
      "value": "11256161-10.0.1.0/24",
      "type": "string"
    }
  },
  "resources": [
    {
      "mode": "managed",
      "type": "hcloud_firewall",
      "name": "rke2_firewall",
      "provider": "provider[\"registry.terraform.io/hetznercloud/hcloud\"]",
      "instances": [
        {
          "schema_version": 0,
          "attributes": {
            "apply_to": [],
            "id": "2287929",
            "labels": {},
            "name": "rke2-masters-firewall",
            "rule": [
              {
                "description": "",
                "destination_ips": [],
                "direction": "in",
                "port": "22",
                "protocol": "tcp",
                "source_ips": [
                  "0.0.0.0/0",
                  "::/0"
                ]
              },
              {
                "description": "",
                "destination_ips": [],
                "direction": "in",
                "port": "443",
                "protocol": "tcp",
                "source_ips": [
                  "0.0.0.0/0",
                  "::/0"
                ]
              },
              {
                "description": "",
                "destination_ips": [],
                "direction": "in",
                "port": "6443",
                "protocol": "tcp",
                "source_ips": [
                  "0.0.0.0/0",
                  "::/0"
                ]
              },
              {
                "description": "",
                "destination_ips": [],
                "direction": "in",
                "port": "80",
                "protocol": "tcp",
                "source_ips": [
                  "0.0.0.0/0",
                  "::/0"
                ]
              },
              {
                "description": "",
                "destination_ips": [],
                "direction": "in",
                "port": "9345",
                "protocol": "tcp",
                "source_ips": [
                  "10.0.0.0/16"
                ]
              }
            ]
          },
          "sensitive_attributes": [],
          "identity_schema_version": 0,
          "private": "bnVsbA=="
        }
      ]
    },
    {
      "mode": "managed",
      "type": "hcloud_network",
      "name": "rke2_network",
      "provider": "provider[\"registry.terraform.io/hetznercloud/hcloud\"]",
      "instances": [
        {
          "schema_version": 0,
          "attributes": {
            "delete_protection": false,
            "expose_routes_to_vswitch": false,
            "id": "11256161",
            "ip_range": "10.0.0.0/16",
            "labels": {
              "environment": "rke2",
              "purpose": "kubernetes"
            },
            "name": "rke2-network"
          },
          "sensitive_attributes": [],
          "identity_schema_version": 0,
          "private": "bnVsbA=="
        }
      ]
    },
    {
      "mode": "managed",
      "type": "hcloud_network_subnet",
      "name": "rke2_subnet",
      "provider": "provider[\"registry.terraform.io/hetznercloud/hcloud\"]",
      "instances": [
        {
          "schema_version": 0,
          "attributes": {
            "gateway": "10.0.0.1",
            "id": "11256161-10.0.1.0/24",
            "ip_range": "10.0.1.0/24",
            "network_id": 11256161,
            "network_zone": "eu-central",
            "type": "cloud",
            "vswitch_id": null
          },
          "sensitive_attributes": [],
          "identity_schema_version": 0,
          "private": "bnVsbA==",
          "dependencies": [
            "hcloud_network.rke2_network"
          ]
        }
      ]
    },
    {
      "mode": "managed",
      "type": "hcloud_server",
      "name": "rke2_masters",
      "provider": "provider[\"registry.terraform.io/hetznercloud/hcloud\"]",
      "instances": [
        {
          "index_key": 0,
          "schema_version": 0,
          "attributes": {
            "allow_deprecated_images": false,
            "backup_window": "",
            "backups": false,
            "datacenter": "nbg1-dc3",
            "delete_protection": false,
            "firewall_ids": [
              2287929
            ],
            "id": "104560828",
            "ignore_remote_firewall_ids": false,
            "image": "ubuntu-22.04",
            "ipv4_address": "78.46.205.118",
            "ipv6_address": "2a01:4f8:1c1a:c4ea::1",
            "ipv6_network": "2a01:4f8:1c1a:c4ea::/64",
            "iso": null,
            "keep_disk": false,
            "labels": {
              "environment": "rke2",
              "node": "rke2-master-1",
              "role": "master"
            },
            "location": "nbg1",
            "name": "rke2-master-1",
            "network": [
              {
                "alias_ips": [],
                "ip": "10.0.1.10",
                "mac_address": "86:00:00:b1:7a:7e",
                "network_id": 11256161
              }
            ],
            "placement_group_id": 0,
            "primary_disk_size": 80,
            "public_net": [],
            "rebuild_protection": false,
            "rescue": null,
            "server_type": "cax21",
            "shutdown_before_deletion": false,
            "ssh_keys": [
              "100381394"
            ],
            "status": "running",
            "timeouts": null,
            "user_data": null
          },
          "sensitive_attributes": [],
          "identity_schema_version": 0,
          "private": "eyJlMmJmYjczMC1lY2FhLTExZTYtOGY4OC0zNDM2M2JjN2M0YzAiOnsiY3JlYXRlIjo1NDAwMDAwMDAwMDAwfX0=",
          "dependencies": [
            "hcloud_firewall.rke2_firewall",
            "hcloud_network.rke2_network",
            "hcloud_network_subnet.rke2_subnet",
            "hcloud_ssh_key.default"
          ]
        },
        {
          "index_key": 1,
          "schema_version": 0,
          "attributes": {
            "allow_deprecated_images": false,
            "backup_window": "",
            "backups": false,
            "datacenter": "nbg1-dc3",
            "delete_protection": false,
            "firewall_ids": [
              2287929
            ],
            "id": "104560827",
            "ignore_remote_firewall_ids": false,
            "image": "ubuntu-22.04",
            "ipv4_address": "49.13.196.113",
            "ipv6_address": "2a01:4f8:1c1b:d06b::1",
            "ipv6_network": "2a01:4f8:1c1b:d06b::/64",
            "iso": null,
            "keep_disk": false,
            "labels": {
              "environment": "rke2",
              "node": "rke2-master-2",
              "role": "master"
            },
            "location": "nbg1",
            "name": "rke2-master-2",
            "network": [
              {
                "alias_ips": [],
                "ip": "10.0.1.11",
                "mac_address": "86:00:00:b1:7a:7d",
                "network_id": 11256161
              }
            ],
            "placement_group_id": 0,
            "primary_disk_size": 80,
            "public_net": [],
            "rebuild_protection": false,
            "rescue": null,
            "server_type": "cax21",
            "shutdown_before_deletion": false,
            "ssh_keys": [
              "100381394"
            ],
            "status": "running",
            "timeouts": null,
            "user_data": null
          },
          "sensitive_attributes": [],
          "identity_schema_version": 0,
          "private": "eyJlMmJmYjczMC1lY2FhLTExZTYtOGY4OC0zNDM2M2JjN2M0YzAiOnsiY3JlYXRlIjo1NDAwMDAwMDAwMDAwfX0=",
          "dependencies": [
            "hcloud_firewall.rke2_firewall",
            "hcloud_network.rke2_network",
            "hcloud_network_subnet.rke2_subnet",
            "hcloud_ssh_key.default"
          ]
        },
        {
          "index_key": 2,
          "schema_version": 0,
          "attributes": {
            "allow_deprecated_images": false,
            "backup_window": "",
            "backups": false,
            "datacenter": "nbg1-dc3",
            "delete_protection": false,
            "firewall_ids": [
              2287929
            ],
            "id": "104560826",
            "ignore_remote_firewall_ids": false,
            "image": "ubuntu-22.04",
            "ipv4_address": "157.90.227.97",
            "ipv6_address": "2a01:4f8:1c1a:bc7b::1",
            "ipv6_network": "2a01:4f8:1c1a:bc7b::/64",
            "iso": null,
            "keep_disk": false,
            "labels": {
              "environment": "rke2",
              "node": "rke2-master-3",
              "role": "master"
            },
            "location": "nbg1",
            "name": "rke2-master-3",
            "network": [
              {
                "alias_ips": [],
                "ip": "10.0.1.12",
                "mac_address": "86:00:00:b1:7a:7c",
                "network_id": 11256161
              }
            ],
            "placement_group_id": 0,
            "primary_disk_size": 80,
            "public_net": [],
            "rebuild_protection": false,
            "rescue": null,
            "server_type": "cax21",
            "shutdown_before_deletion": false,
            "ssh_keys": [
              "100381394"
            ],
            "status": "running",
            "timeouts": null,
            "user_data": null
          },
          "sensitive_attributes": [],
          "identity_schema_version": 0,
          "private": "eyJlMmJmYjczMC1lY2FhLTExZTYtOGY4OC0zNDM2M2JjN2M0YzAiOnsiY3JlYXRlIjo1NDAwMDAwMDAwMDAwfX0=",
          "dependencies": [
            "hcloud_firewall.rke2_firewall",
            "hcloud_network.rke2_network",
            "hcloud_network_subnet.rke2_subnet",
            "hcloud_ssh_key.default"
          ]
        }
      ]
    },
    {
      "mode": "managed",
      "type": "hcloud_ssh_key",
      "name": "default",
      "provider": "provider[\"registry.terraform.io/hetznercloud/hcloud\"]",
      "instances": [
        {
          "schema_version": 0,
          "attributes": {
            "fingerprint": "eb:e4:3d:67:75:4f:67:9d:41:2e:ab:a2:88:b5:ff:0f",
            "id": "100381394",
            "labels": {},
            "name": "my-ssh-key",
            "public_key": "ssh-rsa AAAAB3NzaC1yc2EAAAADAQABAAACAQCwf7w2Cwt7eii0LEDmx9ZS2tPum5TruX/8eDlJDQ7wNGKLdE8IObPOLpUHRWMZJXdKfd5eCCTd0LWsTxhYsgbAzcJN9DnjJoAPIBLCwEgZj0ozDhCJpe2blXHvcwml4knB7CVBnlVr3kiXpXazlvMhrXqYzm7hHNrgGPcpxJsDEPzgok5jXpWworGB1sMNLn2YmNQcgO44jQf1bBYx38J/Ugjg2iIi1KkxJqQXpIXzo1BoHcCncs75epZnTgDwz2znoJsBuwAdmLZ7me7tllPvUTX/k7HhTvLcKgFr0KtYScLg0Yx32Vm22uPibA6Hn7kvMm5HSqtmaoupH6nWbn9kNXMyDFH9nOAopSaqMyqxsjnjCFxoWxlOeCHWgNVK5ifxPpBd2pYU/0Z+v3SC2/AeU/LEbddsN/oyWImi7TjoUAStVUx3tKBbNX2e5ACeZT89JvYXdTlScoLjzdMpA58KeWLSnWRaT/w7yWvCLvDBXZ9ehln0yxU7/eVwoZZiisxKPDteF05Kzy82pSYPU+W2n17DuvvNs/XzRiT0d7i0kEYMxNKfe0IUM+54SFdvxcu7DKAtCghzBpwecnyJx0q3X1Xp82BdHetqc2bZZu3r9cx68QL8TUyeAVp3nfbGnfkZJSoM6uPwjra9Ie6Ft7bUfl0cKfPJPM84jCQ+wzMX0Q== marouane-dbibih@HP\n"
          },
          "sensitive_attributes": [],
          "identity_schema_version": 0
        }
      ]
    }
  ],
  "check_results": null
}
